
Microsoft Visual Studio Solution File, Format Version 12.00
# Visual Studio Version 16
VisualStudioVersion = 16.0.30804.86
MinimumVisualStudioVersion = 10.0.40219.1
Project("{F184B08F-C81C-45F6-A57F-5ABD9991F28F}") = "Ejercicio_Variables1", "Ejercicio_Variables1\Ejercicio_Variables1.vbproj", "{9047C21C-5216-4BB7-A1B1-34D99787C8D0}"
EndProject
Global
	GlobalSection(SolutionConfigurationPlatforms) = preSolution
		Debug|Any CPU = Debug|Any CPU
		Release|Any CPU = Release|Any CPU
	EndGlobalSection
	GlobalSection(ProjectConfigurationPlatforms) = postSolution
		{9047C21C-5216-4BB7-A1B1-34D99787C8D0}.Debug|Any CPU.ActiveCfg = Debug|Any CPU
		{9047C21C-5216-4BB7-A1B1-34D99787C8D0}.Debug|Any CPU.Build.0 = Debug|Any CPU
		{9047C21C-5216-4BB7-A1B1-34D99787C8D0}.Release|Any CPU.ActiveCfg = Release|Any CPU
		{9047C21C-5216-4BB7-A1B1-34D99787C8D0}.Release|Any CPU.Build.0 = Release|Any CPU
	EndGlobalSection
	GlobalSection(SolutionProperties) = preSolution
		HideSolutionNode = FALSE
	EndGlobalSection
	GlobalSection(ExtensibilityGlobals) = postSolution
		SolutionGuid = {FFBF2042-618C-4D86-8ED4-B5DD2E640C5A}
	EndGlobalSection
EndGlobal
